
Microsoft Visual Studio Solution File, Format Version 12.00
# Visual Studio Version 16
VisualStudioVersion = 16.0.29920.165
MinimumVisualStudioVersion = 10.0.40219.1
Project("{FAE04EC0-301F-11D3-BF4B-00C04F79EFBC}") = "DevAssessementWebsite", "DevAssessementWebsite.csproj", "{AB5E49D3-A4FE-4639-9321-947002446EF6}"
EndProject
Global
	GlobalSection(SolutionConfigurationPlatforms) = preSolution
		Debug|Any CPU = Debug|Any CPU
		Release|Any CPU = Release|Any CPU
	EndGlobalSection
	GlobalSection(ProjectConfigurationPlatforms) = postSolution
		{AB5E49D3-A4FE-4639-9321-947002446EF6}.Debug|Any CPU.ActiveCfg = Debug|Any CPU
		{AB5E49D3-A4FE-4639-9321-947002446EF6}.Debug|Any CPU.Build.0 = Debug|Any CPU
		{AB5E49D3-A4FE-4639-9321-947002446EF6}.Release|Any CPU.ActiveCfg = Release|Any CPU
		{AB5E49D3-A4FE-4639-9321-947002446EF6}.Release|Any CPU.Build.0 = Release|Any CPU
	EndGlobalSection
	GlobalSection(SolutionProperties) = preSolution
		HideSolutionNode = FALSE
	EndGlobalSection
	GlobalSection(ExtensibilityGlobals) = postSolution
		SolutionGuid = {EBADAC0E-F05B-4BFD-84B7-A10E8487B35C}
	EndGlobalSection
EndGlobal
